Microsoft Visual Studio Solution File, Format Version 12.00
# Visual Studio Version 17
VisualStudioVersion = 17.5.2.0
MinimumVisualStudioVersion = 10.0.40219.1
Project("{FAE04EC0-301F-11D3-BF4B-00C04F79EFBC}") = "HotelBookingPlatform.API", "HotelBookingPlatform.API.csproj", "{938E8134-2D76-BB23-0962-3FB902EABA20}"
EndProject
Global
	GlobalSection(SolutionConfigurationPlatforms) = preSolution
		Debug|Any CPU = Debug|Any CPU
		Release|Any CPU = Release|Any CPU
	EndGlobalSection
	GlobalSection(ProjectConfigurationPlatforms) = postSolution
		{938E8134-2D76-BB23-0962-3FB902EABA20}.Debug|Any CPU.ActiveCfg = Debug|Any CPU
		{938E8134-2D76-BB23-0962-3FB902EABA20}.Debug|Any CPU.Build.0 = Debug|Any CPU
		{938E8134-2D76-BB23-0962-3FB902EABA20}.Release|Any CPU.ActiveCfg = Release|Any CPU
		{938E8134-2D76-BB23-0962-3FB902EABA20}.Release|Any CPU.Build.0 = Release|Any CPU
	EndGlobalSection
	GlobalSection(SolutionProperties) = preSolution
		HideSolutionNode = FALSE
	EndGlobalSection
	GlobalSection(ExtensibilityGlobals) = postSolution
		SolutionGuid = {6B027609-BBB1-4223-98D4-1A9510052C62}
	EndGlobalSection
EndGlobal
